// !$*UTF8*$!
{
	archiveVersion = 1;
	classes = {
	};
	objectVersion = 50;
	objects = {

/* Begin PBXBuildFile section */
		E202A8502179940100C0CCA5 /* AppDelegate.swift in Sources */ = {isa = PBXBuildFile; fileRef = E202A84F2179940100C0CCA5 /* AppDelegate.swift */; };
		E202A8522179940100C0CCA5 /* ViewController.swift in Sources */ = {isa = PBXBuildFile; fileRef = E202A8512179940100C0CCA5 /* ViewController.swift */; };
		E202A8552179940100C0CCA5 /* Main.storyboard in Resources */ = {isa = PBXBuildFile; fileRef = E202A8532179940100C0CCA5 /* Main.storyboard */; };
		E202A8572179940300C0CCA5 /* Assets.xcassets in Resources */ = {isa = PBXBuildFile; fileRef = E202A8562179940300C0CCA5 /* Assets.xcassets */; };
		E202A85A2179940300C0CCA5 /* LaunchScreen.storyboard in Resources */ = {isa = PBXBuildFile; fileRef = E202A8582179940300C0CCA5 /* LaunchScreen.storyboard */; };
		E202A8622179943F00C0CCA5 /* DinnerList.swift in Sources */ = {isa = PBXBuildFile; fileRef = E202A8612179943F00C0CCA5 /* DinnerList.swift */; };
		E24F177D2179FB4E00CE416A /* SecondPage.swift in Sources */ = {isa = PBXBuildFile; fileRef = E24F177C2179FB4E00CE416A /* SecondPage.swift */; };
/* End PBXBuildFile section */

/* Begin PBXFileReference section */
		E202A84C2179940100C0CCA5 /* DinnerProducer.app */ = {isa = PBXFileReference; explicitFileType = wrapper.application; includeInIndex = 0; path = DinnerProducer.app; sourceTree = BUILT_PRODUCTS_DIR; };
		E202A84F2179940100C0CCA5 /* AppDelegate.swift */ = {isa = PBXFileReference; lastKnownFileType = sourcecode.swift; path = AppDelegate.swift; sourceTree = "<group>"; };
		E202A8512179940100C0CCA5 /* ViewController.swift */ = {isa = PBXFileReference; lastKnownFileType = sourcecode.swift; path = ViewController.swift; sourceTree = "<group>"; };
		E202A8542179940100C0CCA5 /* Base */ = {isa = PBXFileReference; lastKnownFileType = file.storyboard; name = Base; path = Base.lproj/Main.storyboard; sourceTree = "<group>"; };
		E202A8562179940300C0CCA5 /* Assets.xcassets */ = {isa = PBXFileReference; lastKnownFileType = folder.assetcatalog; path = Assets.xcassets; sourceTree = "<group>"; };
		E202A8592179940300C0CCA5 /* Base */ = {isa = PBXFileReference; lastKnownFileType = file.storyboard; name = Base; path = Base.lproj/LaunchScreen.storyboard; sourceTree = "<group>"; };
		E202A85B2179940300C0CCA5 /* Info.plist */ = {isa = PBXFileReference; lastKnownFileType = text.plist.xml; path = Info.plist; sourceTree = "<group>"; };
		E202A8612179943F00C0CCA5 /* DinnerList.swift */ = {isa = PBXFileReference; lastKnownFileType = sourcecode.swift; path = DinnerList.swift; sourceTree = "<group>"; };
		E24F177C2179FB4E00CE416A /* SecondPage.swift */ = {isa = PBXFileReference; lastKnownFileType = sourcecode.swift; path = SecondPage.swift; sourceTree = "<group>"; };
/* End PBXFileReference section */

/* Begin PBXFrameworksBuildPhase section */
		E202A8492179940100C0CCA5 /* Frameworks */ = {
			isa = PBXFrameworksBuildPhase;
			buildActionMask = 2147483647;
			files = (
			);
			runOnlyForDeploymentPostprocessing = 0;
		};
/* End PBXFrameworksBuildPhase section */

/* Begin PBXGroup section */
		E202A8432179940100C0CCA5 = {
			isa = PBXGroup;
			children = (
				E202A84E2179940100C0CCA5 /* DinnerProducer */,
				E202A84D2179940100C0CCA5 /* Products */,
			);
			sourceTree = "<group>";
		};
		E202A84D2179940100C0CCA5 /* Products */ = {
			isa = PBXGroup;
			children = (
				E202A84C2179940100C0CCA5 /* DinnerProducer.app */,
			);
			name = Products;
			sourceTree = "<group>";
		};
		E202A84E2179940100C0CCA5 /* DinnerProducer */ = {
			isa = PBXGroup;
			children = (
				E202A84F2179940100C0CCA5 /* AppDelegate.swift */,
				E202A8612179943F00C0CCA5 /* DinnerList.swift */,
				E202A8512179940100C0CCA5 /* ViewController.swift */,
				E202A8532179940100C0CCA5 /* Main.storyboard */,
				E24F177C2179FB4E00CE416A /* SecondPage.swift */,
				E202A8562179940300C0CCA5 /* Assets.xcassets */,
				E202A8582179940300C0CCA5 /* LaunchScreen.storyboard */,
				E202A85B2179940300C0CCA5 /* Info.plist */,
			);
			path = DinnerProducer;
			sourceTree = "<group>";
		};
/* End PBXGroup section */

/* Begin PBXNativeTarget section */
		E202A84B2179940100C0CCA5 /* DinnerProducer */ = {
			isa = PBXNativeTarget;
			buildConfigurationList = E202A85E2179940300C0CCA5 /* Build configuration list for PBXNativeTarget "DinnerProducer" */;
			buildPhases = (
				E202A8482179940100C0CCA5 /* Sources */,
				E202A8492179940100C0CCA5 /* Frameworks */,
				E202A84A2179940100C0CCA5 /* Resources */,
			);
			buildRules = (
			);
			dependencies = (
			);
			name = DinnerProducer;
			productName = DinnerProducer;
			productReference = E202A84C2179940100C0CCA5 /* DinnerProducer.app */;
			productType = "com.apple.product-type.application";
		};
/* End PBXNativeTarget section */

/* Begin PBXProject section */
		E202A8442179940100C0CCA5 /* Project object */ = {
			isa = PBXProject;
			attributes = {
				LastSwiftUpdateCheck = 1000;
				LastUpgradeCheck = 1000;
				ORGANIZATIONNAME = "Taichi Kasai";
				TargetAttributes = {
					E202A84B2179940100C0CCA5 = {
						CreatedOnToolsVersion = 10.0;
					};
				};
			};
			buildConfigurationList = E202A8472179940100C0CCA5 /* Build configuration list for PBXProject "DinnerProducer" */;
			compatibilityVersion = "Xcode 9.3";
			developmentRegion = en;
			hasScannedForEncodings = 0;
			knownRegions = (
				en,
				Base,
			);
			mainGroup = E202A8432179940100C0CCA5;
			productRefGroup = E202A84D2179940100C0CCA5 /* Products */;
			projectDirPath = "";
			projectRoot = "";
			targets = (
				E202A84B2179940100C0CCA5 /* DinnerProducer */,
			);
		};
/* End PBXProject section */

/* Begin PBXResourcesBuildPhase section */
		E202A84A2179940100C0CCA5 /* Resources */ = {
			isa = PBXResourcesBuildPhase;
			buildActionMask = 2147483647;
			files = (
				E202A85A2179940300C0CCA5 /* LaunchScreen.storyboard in Resources */,
				E202A8572179940300C0CCA5 /* Assets.xcassets in Resources */,
				E202A8552179940100C0CCA5 /* Main.storyboard in Resources */,
			);
			runOnlyForDeploymentPostprocessing = 0;
		};
/* End PBXResourcesBuildPhase section */

/* Begin PBXSourcesBuildPhase section */
		E202A8482179940100C0CCA5 /* Sources */ = {
			isa = PBXSourcesBuildPhase;
			buildActionMask = 2147483647;
			files = (
				E202A8522179940100C0CCA5 /* ViewController.swift in Sources */,
				E202A8622179943F00C0CCA5 /* DinnerList.swift in Sources */,
				E202A8502179940100C0CCA5 /* AppDelegate.swift in Sources */,
				E24F177D2179FB4E00CE416A /* SecondPage.swift in Sources */,
			);
			runOnlyForDeploymentPostprocessing = 0;
		};
/* End PBXSourcesBuildPhase section */

/* Begin PBXVariantGroup section */
		E202A8532179940100C0CCA5 /* Main.storyboard */ = {
			isa = PBXVariantGroup;
			children = (
				E202A8542179940100C0CCA5 /* Base */,
			);
			name = Main.storyboard;
			sourceTree = "<group>";
		};
		E202A8582179940300C0CCA5 /* LaunchScreen.storyboard */ = {
			isa = PBXVariantGroup;
			children = (
				E202A8592179940300C0CCA5 /* Base */,
			);
			name = LaunchScreen.storyboard;
			sourceTree = "<group>";
		};
/* End PBXVariantGroup section */

/* Begin XCBuildConfiguration section */
		E202A85C2179940300C0CCA5 /* Debug */ = {
			isa = XCBuildConfiguration;
			buildSettings = {
				ALWAYS_SEARCH_USER_PATHS = NO;
				CLANG_ANALYZER_NONNULL = YES;
				CLANG_ANALYZER_NUMBER_OBJECT_CONVERSION = YES_AGGRESSIVE;
				CLANG_CXX_LANGUAGE_STANDARD = "gnu++14";
				CLANG_CXX_LIBRARY = "libc++";
				CLANG_ENABLE_MODULES = YES;
				CLANG_ENABLE_OBJC_ARC = YES;
				CLANG_ENABLE_OBJC_WEAK = YES;
				CLANG_WARN_BLOCK_CAPTURE_AUTORELEASING = YES;
				CLANG_WARN_BOOL_CONVERSION = YES;
				CLANG_WARN_COMMA = YES;
				CLANG_WARN_CONSTANT_CONVERSION = YES;
				CLANG_WARN_DEPRECATED_OBJC_IMPLEMENTATIONS = YES;
				CLANG_WARN_DIRECT_OBJC_ISA_USAGE = YES_ERROR;
				CLANG_WARN_DOCUMENTATION_COMMENTS = YES;
				CLANG_WARN_EMPTY_BODY = YES;
				CLANG_WARN_ENUM_CONVERSION = YES;
				CLANG_WARN_INFINITE_RECURSION = YES;
				CLANG_WARN_INT_CONVERSION = YES;
				CLANG_WARN_NON_LITERAL_NULL_CONVERSION = YES;
				CLANG_WARN_OBJC_IMPLICIT_RETAIN_SELF = YES;
				CLANG_WARN_OBJC_LITERAL_CONVERSION = YES;
				CLANG_WARN_OBJC_ROOT_CLASS = YES_ERROR;
				CLANG_WARN_RANGE_LOOP_ANALYSIS = YES;
				CLANG_WARN_STRICT_PROTOTYPES = YES;
				CLANG_WARN_SUSPICIOUS_MOVE = YES;
				CLANG_WARN_UNGUARDED_AVAILABILITY = YES_AGGRESSIVE;
				CLANG_WARN_UNREACHABLE_CODE = YES;
				CLANG_WARN__DUPLICATE_METHOD_MATCH = YES;
				CODE_SIGN_IDENTITY = "iPhone Developer";
				COPY_PHASE_STRIP = NO;
				DEBUG_INFORMATION_FORMAT = dwarf;
				ENABLE_STRICT_OBJC_MSGSEND = YES;
				ENABLE_TESTABILITY = YES;
				GCC_C_LANGUAGE_STANDARD = gnu11;
				GCC_DYNAMIC_NO_PIC = NO;
				GCC_NO_COMMON_BLOCKS = YES;
				GCC_OPTIMIZATION_LEVEL = 0;
				GCC_PREPROCESSOR_DEFINITIONS = (
					"DEBUG=1",
					"$(inherited)",
				);
				GCC_WARN_64_TO_32_BIT_CONVERSION = YES;
				GCC_WARN_ABOUT_RETURN_TYPE = YES_ERROR;
				GCC_WARN_UNDECLARED_SELECTOR = YES;
				GCC_WARN_UNINITIALIZED_AUTOS = YES_AGGRESSIVE;
				GCC_WARN_UNUSED_FUNCTION = YES;
				GCC_WARN_UNUSED_VARIABLE = YES;
				IPHONEOS_DEPLOYMENT_TARGET = 12.0;
				MTL_ENABLE_DEBUG_INFO = INCLUDE_SOURCE;
				MTL_FAST_MATH = YES;
				ONLY_ACTIVE_ARCH = YES;
				SDKROOT = iphoneos;
				SWIFT_ACTIVE_COMPILATION_CONDITIONS = DEBUG;
				SWIFT_OPTIMIZATION_LEVEL = "-Onone";
			};
			name = Debug;
		};
		E202A85D2179940300C0CCA5 /* Release */ = {
			isa = XCBuildConfiguration;
			buildSettings = {
				ALWAYS_SEARCH_USER_PATHS = NO;
				CLANG_ANALYZER_NONNULL = YES;
				CLANG_ANALYZER_NUMBER_OBJECT_CONVERSION = YES_AGGRESSIVE;
				CLANG_CXX_LANGUAGE_STANDARD = "gnu++14";
				CLANG_CXX_LIBRARY = "libc++";
				CLANG_ENABLE_MODULES = YES;
				CLANG_ENABLE_OBJC_ARC = YES;
				CLANG_ENABLE_OBJC_WEAK = YES;
				CLANG_WARN_BLOCK_CAPTURE_AUTORELEASING = YES;
				CLANG_WARN_BOOL_CONVERSION = YES;
				CLANG_WARN_COMMA = YES;
				CLANG_WARN_CONSTANT_CONVERSION = YES;
				CLANG_WARN_DEPRECATED_OBJC_IMPLEMENTATIONS = YES;
				CLANG_WARN_DIRECT_OBJC_ISA_USAGE = YES_ERROR;
				CLANG_WARN_DOCUMENTATION_COMMENTS = YES;
				CLANG_WARN_EMPTY_BODY = YES;
				CLANG_WARN_ENUM_CONVERSION = YES;
				CLANG_WARN_INFINITE_RECURSION = YES;
				CLANG_WARN_INT_CONVERSION = YES;
				CLANG_WARN_NON_LITERAL_NULL_CONVERSION = YES;
				CLANG_WARN_OBJC_IMPLICIT_RETAIN_SELF = YES;
				CLANG_WARN_OBJC_LITERAL_CONVERSION = YES;
				CLANG_WARN_OBJC_ROOT_CLASS = YES_ERROR;
				CLANG_WARN_RANGE_LOOP_ANALYSIS = YES;
				CLANG_WARN_STRICT_PROTOTYPES = YES;
				CLANG_WARN_SUSPICIOUS_MOVE = YES;
				CLANG_WARN_UNGUARDED_AVAILABILITY = YES_AGGRESSIVE;
				CLANG_WARN_UNREACHABLE_CODE = YES;
				CLANG_WARN__DUPLICATE_METHOD_MATCH = YES;
				CODE_SIGN_IDENTITY = "iPhone Developer";
				COPY_PHASE_STRIP = NO;
				DEBUG_INFORMATION_FORMAT = "dwarf-with-dsym";
				ENABLE_NS_ASSERTIONS = NO;
				ENABLE_STRICT_OBJC_MSGSEND = YES;
				GCC_C_LANGUAGE_STANDARD = gnu11;
				GCC_NO_COMMON_BLOCKS = YES;
				GCC_WARN_64_TO_32_BIT_CONVERSION = YES;
				GCC_WARN_ABOUT_RETURN_TYPE = YES_ERROR;
				GCC_WARN_UNDECLARED_SELECTOR = YES;
				GCC_WARN_UNINITIALIZED_AUTOS = YES_AGGRESSIVE;
				GCC_WARN_UNUSED_FUNCTION = YES;
				GCC_WARN_UNUSED_VARIABLE = YES;
				IPHONEOS_DEPLOYMENT_TARGET = 12.0;
				MTL_ENABLE_DEBUG_INFO = NO;
				MTL_FAST_MATH = YES;
				SDKROOT = iphoneos;
				SWIFT_COMPILATION_MODE = wholemodule;
				SWIFT_OPTIMIZATION_LEVEL = "-O";
				VALIDATE_PRODUCT = YES;
			};
			name = Release;
		};
		E202A85F2179940300C0CCA5 /* Debug */ = {
			isa = XCBuildConfiguration;
			buildSettings = {
				ASSETCATALOG_COMPILER_APPICON_NAME = AppIcon;
				CODE_SIGN_STYLE = Automatic;
				INFOPLIST_FILE = DinnerProducer/Info.plist;
				LD_RUNPATH_SEARCH_PATHS = (
					"$(inherited)",
					"@executable_path/Frameworks",
				);
				PRODUCT_BUNDLE_IDENTIFIER = com.example.DinnerProducer;
				PRODUCT_NAME = "$(TARGET_NAME)";
				SWIFT_VERSION = 4.2;
				TARGETED_DEVICE_FAMILY = "1,2";
			};
			name = Debug;
		};
		E202A8602179940300C0CCA5 /* Release */ = {
			isa = XCBuildConfiguration;
			buildSettings = {
				ASSETCATALOG_COMPILER_APPICON_NAME = AppIcon;
				CODE_SIGN_STYLE = Automatic;
				INFOPLIST_FILE = DinnerProducer/Info.plist;
				LD_RUNPATH_SEARCH_PATHS = (
					"$(inherited)",
					"@executable_path/Frameworks",
				);
				PRODUCT_BUNDLE_IDENTIFIER = com.example.DinnerProducer;
				PRODUCT_NAME = "$(TARGET_NAME)";
				SWIFT_VERSION = 4.2;
				TARGETED_DEVICE_FAMILY = "1,2";
			};
			name = Release;
		};
/* End XCBuildConfiguration section */

/* Begin XCConfigurationList section */
		E202A8472179940100C0CCA5 /* Build configuration list for PBXProject "DinnerProducer" */ = {
			isa = XCConfigurationList;
			buildConfigurations = (
				E202A85C2179940300C0CCA5 /* Debug */,
				E202A85D2179940300C0CCA5 /* Release */,
			);
			defaultConfigurationIsVisible = 0;
			defaultConfigurationName = Release;
		};
		E202A85E2179940300C0CCA5 /* Build configuration list for PBXNativeTarget "DinnerProducer" */ = {
			isa = XCConfigurationList;
			buildConfigurations = (
				E202A85F2179940300C0CCA5 /* Debug */,
				E202A8602179940300C0CCA5 /* Release */,
			);
			defaultConfigurationIsVisible = 0;
			defaultConfigurationName = Release;
		};
/* End XCConfigurationList section */
	};
	rootObject = E202A8442179940100C0CCA5 /* Project object */;
}
